
Microsoft Visual Studio Solution File, Format Version 12.00
# Visual Studio Version 16
VisualStudioVersion = 16.0.31213.239
MinimumVisualStudioVersion = 10.0.40219.1
Project("{9A19103F-16F7-4668-BE54-9A1E7A4F7556}") = "JsonObjectMap", "JsonObjectMap\JsonObjectMap.csproj", "{A56B9A52-4BFF-45A2-8F61-7CD35943A99A}"
EndProject
Project("{9A19103F-16F7-4668-BE54-9A1E7A4F7556}") = "JsonObjectMap.Tests", "JsonObjectMap.Tests\JsonObjectMap.Tests.csproj", "{3B9BF17B-E781-4B56-8CE2-0AB566FFC786}"
EndProject
Global
	GlobalSection(SolutionConfigurationPlatforms) = preSolution
		Debug|Any CPU = Debug|Any CPU
		Release|Any CPU = Release|Any CPU
	EndGlobalSection
	GlobalSection(ProjectConfigurationPlatforms) = postSolution
		{A56B9A52-4BFF-45A2-8F61-7CD35943A99A}.Debug|Any CPU.ActiveCfg = Debug|Any CPU
		{A56B9A52-4BFF-45A2-8F61-7CD35943A99A}.Debug|Any CPU.Build.0 = Debug|Any CPU
		{A56B9A52-4BFF-45A2-8F61-7CD35943A99A}.Release|Any CPU.ActiveCfg = Release|Any CPU
		{A56B9A52-4BFF-45A2-8F61-7CD35943A99A}.Release|Any CPU.Build.0 = Release|Any CPU
		{3B9BF17B-E781-4B56-8CE2-0AB566FFC786}.Debug|Any CPU.ActiveCfg = Debug|Any CPU
		{3B9BF17B-E781-4B56-8CE2-0AB566FFC786}.Debug|Any CPU.Build.0 = Debug|Any CPU
		{3B9BF17B-E781-4B56-8CE2-0AB566FFC786}.Release|Any CPU.ActiveCfg = Release|Any CPU
		{3B9BF17B-E781-4B56-8CE2-0AB566FFC786}.Release|Any CPU.Build.0 = Release|Any CPU
	EndGlobalSection
	GlobalSection(SolutionProperties) = preSolution
		HideSolutionNode = FALSE
	EndGlobalSection
	GlobalSection(ExtensibilityGlobals) = postSolution
		SolutionGuid = {239B004C-1C49-425B-9127-F28AA6442615}
	EndGlobalSection
EndGlobal
